
Microsoft Visual Studio Solution File, Format Version 12.00
# Visual Studio 15
VisualStudioVersion = 15.0.28010.2026
MinimumVisualStudioVersion = 10.0.40219.1
Project("{FAE04EC0-301F-11D3-BF4B-00C04F79EFBC}") = "CodingExercise-PatientMaintenance", "CodingExercise-PatientMaintenance\CodingExercise-PatientMaintenance.csproj", "{358544FE-9230-42BF-B558-8865E19DCFE4}"
EndProject
Global
	GlobalSection(SolutionConfigurationPlatforms) = preSolution
		Debug|Any CPU = Debug|Any CPU
		Release|Any CPU = Release|Any CPU
	EndGlobalSection
	GlobalSection(ProjectConfigurationPlatforms) = postSolution
		{358544FE-9230-42BF-B558-8865E19DCFE4}.Debug|Any CPU.ActiveCfg = Debug|Any CPU
		{358544FE-9230-42BF-B558-8865E19DCFE4}.Debug|Any CPU.Build.0 = Debug|Any CPU
		{358544FE-9230-42BF-B558-8865E19DCFE4}.Release|Any CPU.ActiveCfg = Release|Any CPU
		{358544FE-9230-42BF-B558-8865E19DCFE4}.Release|Any CPU.Build.0 = Release|Any CPU
	EndGlobalSection
	GlobalSection(SolutionProperties) = preSolution
		HideSolutionNode = FALSE
	EndGlobalSection
	GlobalSection(ExtensibilityGlobals) = postSolution
		SolutionGuid = {DB9C5410-B7A8-4CE8-B9A8-4CD478A5A427}
	EndGlobalSection
EndGlobal
